
Microsoft Visual Studio Solution File, Format Version 12.00
Project("{FAE04EC0-301F-11D3-BF4B-00C04F79EFBC}") = "ConsoleApp", "ConsoleApp\ConsoleApp.csproj", "{D64BD4BF-9662-41C3-AA6C-2BA884574493}"
EndProject
Global
	GlobalSection(SolutionConfigurationPlatforms) = preSolution
		Debug|Any CPU = Debug|Any CPU
		Release|Any CPU = Release|Any CPU
	EndGlobalSection
	GlobalSection(ProjectConfigurationPlatforms) = postSolution
		{D64BD4BF-9662-41C3-AA6C-2BA884574493}.Debug|Any CPU.ActiveCfg = Debug|Any CPU
		{D64BD4BF-9662-41C3-AA6C-2BA884574493}.Debug|Any CPU.Build.0 = Debug|Any CPU
		{D64BD4BF-9662-41C3-AA6C-2BA884574493}.Release|Any CPU.ActiveCfg = Release|Any CPU
		{D64BD4BF-9662-41C3-AA6C-2BA884574493}.Release|Any CPU.Build.0 = Release|Any CPU
	EndGlobalSection
EndGlobal
