
Microsoft Visual Studio Solution File, Format Version 12.00
Project("{FAE04EC0-301F-11D3-BF4B-00C04F79EFBC}") = "ConsoleApp", "ConsoleApp\ConsoleApp.csproj", "{632EDB75-7FF9-4A20-A5FB-917D9B6BB06B}"
EndProject
Global
	GlobalSection(SolutionConfigurationPlatforms) = preSolution
		Debug|Any CPU = Debug|Any CPU
		Release|Any CPU = Release|Any CPU
	EndGlobalSection
	GlobalSection(ProjectConfigurationPlatforms) = postSolution
		{632EDB75-7FF9-4A20-A5FB-917D9B6BB06B}.Debug|Any CPU.ActiveCfg = Debug|Any CPU
		{632EDB75-7FF9-4A20-A5FB-917D9B6BB06B}.Debug|Any CPU.Build.0 = Debug|Any CPU
		{632EDB75-7FF9-4A20-A5FB-917D9B6BB06B}.Release|Any CPU.ActiveCfg = Release|Any CPU
		{632EDB75-7FF9-4A20-A5FB-917D9B6BB06B}.Release|Any CPU.Build.0 = Release|Any CPU
	EndGlobalSection
EndGlobal
